{
  "name": "vektor-flow",
  "version": "1.2.79",
  "lockfileVersion": 3,
  "requires": true,
  "packages": {
    "": {
      "name": "vektor-flow",
      "version": "1.2.79",
      "license": "ISC",
      "dependencies": {
        "interpolation-editor": "github:svenviktorjonsson/interpolation-editor#2657860985bdeb29e4af3f94c8d7a2f66543ff98"
      }
    },
    "node_modules/interpolation-editor": {
      "version": "1.0.0",
      "resolved": "git+ssh://git@github.com/svenviktorjonsson/interpolation-editor.git#2657860985bdeb29e4af3f94c8d7a2f66543ff98",
      "integrity": "sha512-8lMLqYmArEi3065otnQ1qyO+zW2zo0nlCUnW/IVbERGlzQ32LSCgh476IR5NbcYbyJ7fXl5/TUjy+p609Bw6DQ==",
      "license": "MIT"
    }
  }
}
